{
    "_meta": {
        "hash": {
            "sha256": "65b1be04e9b4d2ab979316d43e203c97ede09a014a8d87877ec03a2040c122f1"
        },
        "pipfile-spec": 6,
        "requires": {
            "python_version": "3.9"
        },
        "sources": [
            {
                "name": "pypi",
                "url": "https://pypi.org/simple",
                "verify_ssl": true
            }
        ]
    },
    "default": {
        "asgiref": {
            "hashes": [
                "sha256:92906c611ce6c967347bbfea733f13d6313901d54dcca88195eaeb52b2a8e8ee",
                "sha256:d1216dfbdfb63826470995d31caed36225dcaf34f182e0fa257a4dd9e86f1b78"
            ],
            "markers": "python_version >= '3.6'",
            "version": "==3.3.4"
        },
        "blackfire": {
            "hashes": [
                "sha256:074e89899070198e7c47e1ee7d92325ad1478144954be146f4c6860fd3a6d995",
                "sha256:0af65fcef613147b890fcd34c1e7e90f35350d0911da639f07d6c742886b88bb",
                "sha256:13ceb30ddb300d66b00e7d2ac80301c487262865bd83edf7dc8a31b4ec1337e2",
                "sha256:1b4df8d4fcb65d3c96e0fa023979a87438ab05445dd2e3921d2d024638128ac8",
                "sha256:2387cdf34942606a094dc87948bcd3bb8a643fb2d3e689efe60b7c5ae3e61867",
                "sha256:26dda9cd624650ea77e41bd81c7045b32afe33af6951e90d3c12fc8f39f36ce2",
                "sha256:2826a0e2c2c8e5d25a7fc9d8d454a1b096d307e952c83e831bdb7ac9d6f41ad6",
                "sha256:2b97a70733c9fca8e5a034d40eef25c8fa83f9307162ef1d5eaf40d878146f90",
                "sha256:3177bcfc475e692b5c252e31bf0d493a6769fc5bae133a21e1e6c85ffc5481dd",
                "sha256:33eb393bf0bf16e4ba55177b79544ef248187c8617af891e905b767cea5aa8a2",
                "sha256:425fba6d71941a91dc63d9730a056ccd79c50a64f5adad2583f363f433286702",
                "sha256:55d19863a5aa1ecdc04ee3425cb2223f1deccaa38f11e02cec1fe227bf3ec0b9",
                "sha256:5602e8fcee0d69ce28ac8e9d739f108a9b79dd0964ed35786072ed94710a66e5",
                "sha256:57497326e495c0a7c739164e4766f293a51e21432f01856d86624a6b12b66372",
                "sha256:5986849aef3d12558e9384dd7f1aa6f0c32f4e7416a8793296b12b7589dcc984",
                "sha256:5c2c30a19eb06c0bb3347514ee33d1b2b9e2d09583b92e11201d1150573cfc6a",
                "sha256:5c9194cb08a8269810e29af3b46563ce74bb9614358b75b52f933127738983f6",
                "sha256:64b0ae8be74dfb51793e0ae9352a0acf9ea1213cb8b23241071080ce901f5bf4",
                "sha256:759d5cd7954ee79550fec0225fbf6be603b50f2cf6277a715b6bbd388e5d1650",
                "sha256:79e91f50b67f1a517640ce9fe2435a2a173b75d748897d3a4a11ecb5270f1cda",
                "sha256:7c999c76b39d91e90e5746bcdd26d5d5d49eaa3bd20e79529e3ae00d4147defa",
                "sha256:9d954c3455eece79e636e83a16e972ac3666531391014d87ec354fc8f0942f5c",
                "sha256:a70720dafa85ff73053f65b53b21fd07b6b267101b445c1255f82cf301145cd0",
                "sha256:a849257126193307067149c9928c9097a9cef312d3f1f5d3b4e61b992a336a77",
                "sha256:b10d1b7f7d0bc59f8dd6d026eb098d6cda17b267b9ee29f1e5b852b84c92b5bc",
                "sha256:b3fb1e9776c516ff86f7244f73a898359306c62e3f507c21fcf705a6c1c9e039",
                "sha256:b9b5a798a0d4deb03675f66f2c371a77dfa11ca09971124fa2e8c7647a54ec50",
                "sha256:ba12cc99e7679d4add1506c80ed5943ff54eae326e79bd11c6fc41bd31dd7a50",
                "sha256:c6b5af9dbf1737df893fced387e97845a2598bfa1c8a0f85778ec6b52ac44541",
                "sha256:c72103f816a3b4275e7fa481c71088cb87ef07da63edd1e3ad12e9cbcb5aeed2",
                "sha256:d46e219272be2255b6758db0be0fa5315bdf049e49556d3724f49b98bb154d64",
                "sha256:d8d8581520f3f0b5842ee487fafd2e6f8e344e0b0319b9fa3d9ee3c5f92af611",
                "sha256:e9bbbf11fe7d1633f9902e98d3cb917be17c9e156c3d0f91315ae4d32f5ee367"
            ],
            "index": "pypi",
            "version": "==1.5.6"
        },
        "django": {
            "hashes": [
                "sha256:0604e84c4fb698a5e53e5857b5aea945b2f19a18f25f10b8748dbdf935788927",
                "sha256:21f0f9643722675976004eb683c55d33c05486f94506672df3d6a141546f389d"
            ],
            "index": "pypi",
            "version": "==3.2"
        },
        "faker": {
            "hashes": [
                "sha256:14edeced0492f1516df2e8c73bd9cc02307ad89bf2b46c2c3b46b2f595ae6d24",
                "sha256:1cc03528930fd26570077b05bd02da0625eb87b7ba192ea5c448284beb77149b"
            ],
            "index": "pypi",
            "version": "==8.1.1"
        },
        "gunicorn": {
            "hashes": [
                "sha256:e0a968b5ba15f8a328fdfd7ab1fcb5af4470c28aaf7e55df02a99bc13138e6e8"
            ],
            "index": "pypi",
            "version": "==20.1.0"
        },
        "platformshconfig": {
            "hashes": [
                "sha256:3eb95a514de57ce3341690fd3e0a61e6fa8c858a0793810a29fcce40691254a2",
                "sha256:ff1e29719d2789f6d164e1abd42dbecec1c535e5e741161ba177cec34bfdd6de"
            ],
            "index": "pypi",
            "version": "==2.4.0"
        },
        "psycopg2": {
            "hashes": [
                "sha256:00195b5f6832dbf2876b8bf77f12bdce648224c89c880719c745b90515233301",
                "sha256:068115e13c70dc5982dfc00c5d70437fe37c014c808acce119b5448361c03725",
                "sha256:26e7fd115a6db75267b325de0fba089b911a4a12ebd3d0b5e7acb7028bc46821",
                "sha256:2c93d4d16933fea5bbacbe1aaf8fa8c1348740b2e50b3735d1b0bf8154cbf0f3",
                "sha256:56007a226b8e95aa980ada7abdea6b40b75ce62a433bd27cec7a8178d57f4051",
                "sha256:56fee7f818d032f802b8eed81ef0c1232b8b42390df189cab9cfa87573fe52c5",
                "sha256:6a3d9efb6f36f1fe6aa8dbb5af55e067db802502c55a9defa47c5a1dad41df84",
                "sha256:a49833abfdede8985ba3f3ec641f771cca215479f41523e99dace96d5b8cce2a",
                "sha256:ad2fe8a37be669082e61fb001c185ffb58867fdbb3e7a6b0b0d2ffe232353a3e",
                "sha256:b8cae8b2f022efa1f011cc753adb9cbadfa5a184431d09b273fb49b4167561ad",
                "sha256:d160744652e81c80627a909a0e808f3c6653a40af435744de037e3172cf277f5",
                "sha256:d5062ae50b222da28253059880a871dc87e099c25cb68acf613d9d227413d6f7",
                "sha256:f22ea9b67aea4f4a1718300908a2fb62b3e4276cf00bd829a97ab5894af42ea3",
                "sha256:f974c96fca34ae9e4f49839ba6b78addf0346777b46c4da27a7bf54f48d3057d",
                "sha256:fb23f6c71107c37fd667cb4ea363ddeb936b348bbd6449278eb92c189699f543"
            ],
            "index": "pypi",
            "version": "==2.8.6"
        },
        "python-dateutil": {
            "hashes": [
                "sha256:73ebfe9dbf22e832286dafa60473e4cd239f8592f699aa5adaf10050e6e1823c",
                "sha256:75bb3f31ea686f1197762692a9ee6a7550b59fc6ca3a1f4b5d7e32fb98e2da2a"
            ],
            "markers": "python_version >= '2.7' and python_version not in '3.0, 3.1, 3.2, 3.3'",
            "version": "==2.8.1"
        },
        "pytz": {
            "hashes": [
                "sha256:83a4a90894bf38e243cf052c8b58f381bfe9a7a483f6a9cab140bc7f702ac4da",
                "sha256:eb10ce3e7736052ed3623d49975ce333bcd712c7bb19a58b9e2089d4057d0798"
            ],
            "version": "==2021.1"
        },
        "six": {
            "hashes": [
                "sha256:30639c035cdb23534cd4aa2dd52c3bf48f06e5f4a941509c8bafd8ce11080259",
                "sha256:8b74bedcbbbaca38ff6d7491d76f2b06b3592611af620f8426e82dddb04a5ced"
            ],
            "markers": "python_version >= '2.7' and python_version not in '3.0, 3.1, 3.2, 3.3'",
            "version": "==1.15.0"
        },
        "sqlparse": {
            "hashes": [
                "sha256:017cde379adbd6a1f15a61873f43e8274179378e95ef3fede90b5aa64d304ed0",
                "sha256:0f91fd2e829c44362cbcfab3e9ae12e22badaa8a29ad5ff599f9ec109f0454e8"
            ],
            "markers": "python_version >= '3.5'",
            "version": "==0.4.1"
        },
        "text-unidecode": {
            "hashes": [
                "sha256:1311f10e8b895935241623731c2ba64f4c455287888b18189350b67134a822e8",
                "sha256:bad6603bb14d279193107714b288be206cac565dfa49aa5b105294dd5c4aab93"
            ],
            "version": "==1.3"
        }
    },
    "develop": {}
}
