{
    "_meta": {
        "hash": {
            "sha256": "4213cb8c7205db8eb85369b325c1ad6e6e0183084968cc203e60677ddb41d4ed"
        },
        "pipfile-spec": 6,
        "requires": {
            "python_version": "3.9"
        },
        "sources": [
            {
                "name": "pypi",
                "url": "https://pypi.org/simple",
                "verify_ssl": true
            }
        ]
    },
    "default": {
        "asgiref": {
            "hashes": [
                "sha256:4ef1ab46b484e3c706329cedeff284a5d40824200638503f5768edb6de7d58e9",
                "sha256:ffc141aa908e6f175673e7b1b3b7af4fdb0ecb738fc5c8b88f69f055c2415214"
            ],
            "version": "==3.4.1"
        },
        "blackfire": {
            "hashes": [
                "sha256:0693d87ce2bee2c8c4ab5b4c65624a370b4777b0e0aca8ec11663f375be4942d",
                "sha256:082646f72651ad488be3de5119e7994567f6c7b80464b5e16ecd6406c86a8297",
                "sha256:0eaa2c493c0095019ccdc4d59804d2aaf3d3f818937d62143a8357d957cfe51a",
                "sha256:0f1d4678cd7581188384310ea405f151888ff845cf0471c171a6e73224d70674",
                "sha256:162da6d4961a1b19253def8c4cc36185e5729d6649c5a5055874140dc704e08e",
                "sha256:1ac88c2cc7bd91643e1e862250a067abb236b90f7093340dad47d043d2fd7824",
                "sha256:2790919dfd9effd75811d6a36aa3bba12eedab8481697c63842b4268b7732408",
                "sha256:38daded69411f7659ecd759f899e55c94fd5e7664913b683c89b92a36081c671",
                "sha256:3c9c136414cf5ae82b10c32e5b5a58a8fc0e767c3034489d1fa239a4c29a0c2b",
                "sha256:3ce9a5e8fa04d57c0a97cdef66d294622f170253639c03a334d397ccdfa21451",
                "sha256:3dde943b598469ade9cccbdd006b0354fab2471a0fe7f98b8d1834d6871e1d0c",
                "sha256:439d73ce742a8f09ea24ce2c1a174d91b8becf9d498d072bf93daa8756e210ba",
                "sha256:4d5c06cace765ab958057bb01a2a8f489500e869ea79f609f0491445c5cc3210",
                "sha256:5142a85d436ab62e7c929a6c665c114af5567469c0e62208d75806ad54018bf5",
                "sha256:52f68c3f29896673a1b4cdf7adc7a2f7e3426a80b9c1e5f8bb9809e7e5b6c33f",
                "sha256:54b99c3cc2d3116f906a19fc172e03fec59be952c889aaa2ca8340a48603d847",
                "sha256:682283b58c0d41ce71ccc42026d816425a5b1673578c35e1832c26824b45af09",
                "sha256:6c3489c9434e86d529a01958aaeccdbda2ab77e5adf372f00c2e744d1846a58f",
                "sha256:70b3f0c4cbd3ab599a0a9b1829cbc3a1a06a126e70db472dff04b6575330c150",
                "sha256:766450af63dce84bc6a24f130a8a28d83fa1894a933fb7b76cf84e49af9f1c4b",
                "sha256:7a1b84b8703343532a4e45b20c50b5a44f7335f53018c0b9fff26dc578820133",
                "sha256:910d6369e780aba6a2b2ec238e6402588e993d0519bb05f0364462d3b0c48c99",
                "sha256:95dd3daf7014824224921c12e91de0869958c4ecd7fa93c19ce2012c5773745f",
                "sha256:a142c31dc7d4713692d5ea3a0d413b29b0e713ab67e958471542822e7971ccac",
                "sha256:a14fce372aa025339128ee5ac6ffc177f73d867a70fbba5ba309e19f76f4a363",
                "sha256:a3505bf88908dea93434894563d13ee4632a8f3a207fea7f801afed33c07e2f6",
                "sha256:ae794ed945ce7807c7a567542522b56c4cd323e8389685d2bae117a8013b5165",
                "sha256:b02345b486beea4668cbef20e040bbc8ce783e070304da48c74fba330cf80053",
                "sha256:b4158df69d42828b5e3baef9b3c4b86c587e3149b1dcc4ddc5de00d85e96fa1f",
                "sha256:b5ff52b7feddb73df5b36019486c7b262f110db076e06b0ff49a10f4430ce46f",
                "sha256:be599f699955a61f02b98edcda7382490a5bd01715783fc0f4f600b461e69042",
                "sha256:bf9a6121f4f119131f962c42869d7c41d89cfe2f963021c9017520b3f3b41989",
                "sha256:c12c34c13bf86511d397c25b270f62a81ef5059c5136ead3927f1f88305333df",
                "sha256:c2f757cfc5db9254a9a5e7f6cb9bc6164af03cb2b53c796e9c352c639b749685",
                "sha256:c63a71a671edf3f952cd3561f98e666d0095f35a4381a69394d68db6001b858a",
                "sha256:d7d83343261645be58ecbc32335fa4854ff88a947cf864ff78a2eb65f47a3fd8",
                "sha256:e5c32b87a235d72e9d9c73ac815eee84a920fb3a47aea29d95aa30d8320e2efe",
                "sha256:e869a2fae1edb25c74a5e35e7e8eb42891a698ba42366a37a90253a642b10903",
                "sha256:efa14c6fbe69f44e8af68f0206020e144c9f012ae983ce01a836b73c27d6c0ea"
            ],
            "index": "pypi",
            "version": "==1.6.1"
        },
        "django": {
            "hashes": [
                "sha256:7f92413529aa0e291f3be78ab19be31aefb1e1c9a52cd59e130f505f27a51f13",
                "sha256:f27f8544c9d4c383bbe007c57e3235918e258364577373d4920e9162837be022"
            ],
            "index": "pypi",
            "version": "==3.2.6"
        },
        "faker": {
            "hashes": [
                "sha256:3e737576ff50cd98dfed643d6b3fd63194eca9df00e7f595960fe7da5220723d",
                "sha256:b9e81e9da3dda3ac54189e034cfb943de576a259caeb226ccab43fcbcf6a7891"
            ],
            "index": "pypi",
            "version": "==8.11.0"
        },
        "gunicorn": {
            "hashes": [
                "sha256:9dcc4547dbb1cb284accfb15ab5667a0e5d1881cc443e0677b4882a4067a807e",
                "sha256:e0a968b5ba15f8a328fdfd7ab1fcb5af4470c28aaf7e55df02a99bc13138e6e8"
            ],
            "index": "pypi",
            "version": "==20.1.0"
        },
        "platformshconfig": {
            "hashes": [
                "sha256:3eb95a514de57ce3341690fd3e0a61e6fa8c858a0793810a29fcce40691254a2",
                "sha256:ff1e29719d2789f6d164e1abd42dbecec1c535e5e741161ba177cec34bfdd6de"
            ],
            "index": "pypi",
            "version": "==2.4.0"
        },
        "psycopg2": {
            "hashes": [
                "sha256:079d97fc22de90da1d370c90583659a9f9a6ee4007355f5825e5f1c70dffc1fa",
                "sha256:2087013c159a73e09713294a44d0c8008204d06326006b7f652bef5ace66eebb",
                "sha256:2c992196719fadda59f72d44603ee1a2fdcc67de097eea38d41c7ad9ad246e62",
                "sha256:7640e1e4d72444ef012e275e7b53204d7fab341fb22bc76057ede22fe6860b25",
                "sha256:7f91312f065df517187134cce8e395ab37f5b601a42446bdc0f0d51773621854",
                "sha256:830c8e8dddab6b6716a4bf73a09910c7954a92f40cf1d1e702fb93c8a919cc56",
                "sha256:89409d369f4882c47f7ea20c42c5046879ce22c1e4ea20ef3b00a4dfc0a7f188",
                "sha256:bf35a25f1aaa8a3781195595577fcbb59934856ee46b4f252f56ad12b8043bcf",
                "sha256:de5303a6f1d0a7a34b9d40e4d3bef684ccc44a49bbe3eb85e3c0bffb4a131b7c"
            ],
            "index": "pypi",
            "version": "==2.9.1"
        },
        "python-dateutil": {
            "hashes": [
                "sha256:0123cacc1627ae19ddf3c27a5de5bd67ee4586fbdd6440d9748f8abb483d3e86",
                "sha256:961d03dc3453ebbc59dbdea9e4e11c5651520a876d0f4db161e8674aae935da9"
            ],
            "version": "==2.8.2"
        },
        "pytz": {
            "hashes": [
                "sha256:83a4a90894bf38e243cf052c8b58f381bfe9a7a483f6a9cab140bc7f702ac4da",
                "sha256:eb10ce3e7736052ed3623d49975ce333bcd712c7bb19a58b9e2089d4057d0798"
            ],
            "version": "==2021.1"
        },
        "six": {
            "hashes": [
                "sha256:1e61c37477a1626458e36f7b1d82aa5c9b094fa4802892072e49de9c60c4c926",
                "sha256:8abb2f1d86890a2dfb989f9a77cfcfd3e47c2a354b01111771326f8aa26e0254"
            ],
            "version": "==1.16.0"
        },
        "sqlparse": {
            "hashes": [
                "sha256:017cde379adbd6a1f15a61873f43e8274179378e95ef3fede90b5aa64d304ed0",
                "sha256:0f91fd2e829c44362cbcfab3e9ae12e22badaa8a29ad5ff599f9ec109f0454e8"
            ],
            "version": "==0.4.1"
        },
        "text-unidecode": {
            "hashes": [
                "sha256:1311f10e8b895935241623731c2ba64f4c455287888b18189350b67134a822e8",
                "sha256:bad6603bb14d279193107714b288be206cac565dfa49aa5b105294dd5c4aab93"
            ],
            "version": "==1.3"
        }
    },
    "develop": {}
}
